
Microsoft Visual Studio Solution File, Format Version 12.00
# Visual Studio Version 17
VisualStudioVersion = 17.4.33213.308
MinimumVisualStudioVersion = 10.0.40219.1
Project("{FAE04EC0-301F-11D3-BF4B-00C04F79EFBC}") = "ProyectoAulaVisualSantiago_Diego", "ProyectoAulaVisualSantiago_Diego\ProyectoAulaVisualSantiago_Diego.csproj", "{5269DA03-F087-4BDC-859A-93328AA821F1}"
EndProject
Project("{FAE04EC0-301F-11D3-BF4B-00C04F79EFBC}") = "ProyectoAulaVisualSantiago_DiegoTest", "ProyectoAulaVisualSantiago_DiegoTest\ProyectoAulaVisualSantiago_DiegoTest.csproj", "{0A616BF0-7A53-49AD-901C-372DF32B21A8}"
EndProject
Global
	GlobalSection(SolutionConfigurationPlatforms) = preSolution
		Debug|Any CPU = Debug|Any CPU
		Release|Any CPU = Release|Any CPU
	EndGlobalSection
	GlobalSection(ProjectConfigurationPlatforms) = postSolution
		{5269DA03-F087-4BDC-859A-93328AA821F1}.Debug|Any CPU.ActiveCfg = Debug|Any CPU
		{5269DA03-F087-4BDC-859A-93328AA821F1}.Debug|Any CPU.Build.0 = Debug|Any CPU
		{5269DA03-F087-4BDC-859A-93328AA821F1}.Release|Any CPU.ActiveCfg = Release|Any CPU
		{5269DA03-F087-4BDC-859A-93328AA821F1}.Release|Any CPU.Build.0 = Release|Any CPU
		{0A616BF0-7A53-49AD-901C-372DF32B21A8}.Debug|Any CPU.ActiveCfg = Debug|Any CPU
		{0A616BF0-7A53-49AD-901C-372DF32B21A8}.Debug|Any CPU.Build.0 = Debug|Any CPU
		{0A616BF0-7A53-49AD-901C-372DF32B21A8}.Release|Any CPU.ActiveCfg = Release|Any CPU
		{0A616BF0-7A53-49AD-901C-372DF32B21A8}.Release|Any CPU.Build.0 = Release|Any CPU
	EndGlobalSection
	GlobalSection(SolutionProperties) = preSolution
		HideSolutionNode = FALSE
	EndGlobalSection
	GlobalSection(ExtensibilityGlobals) = postSolution
		SolutionGuid = {CBB45934-2915-47E4-BFBB-EECBEF084648}
	EndGlobalSection
EndGlobal
